<?xml version="1.0" encoding="utf-8"?>
<Project ToolsVersion="4.0" xmlns="http://schemas.microsoft.com/developer/msbuild/2003">
  <ItemGroup>
    <FxCompile Include="resources\shaders\Cylinder.PS.hlsl" />
    <FxCompile Include="resources\shaders\Cylinder.VS.hlsl" />
    <FxCompile Include="resources\shaders\SkyCylinder.PS.hlsl" />
    <FxCompile Include="resources\shaders\SkyCylinder.VS.hlsl" />
    <FxCompile Include="resources\shaders\Debug.PS.hlsl" />
    <FxCompile Include="resources\shaders\Debug.VS.hlsl" />
    <FxCompile Include="resources\shaders\DebugSphere.VS.hlsl" />
    <FxCompile Include="resources\shaders\DebugSphere.PS.hlsl" />
    <FxCompile Include="resources\shaders\EmitParticle.CS.hlsl" />
    <FxCompile Include="resources\shaders\GPUParticle.VS.hlsl" />
    <FxCompile Include="resources\shaders\InitializeParticle.CS.hlsl" />
    <FxCompile Include="resources\shaders\Particle.PS.hlsl" />
    <FxCompile Include="resources\shaders\Particle.VS.hlsl" />
    <FxCompile Include="resources\shaders\Random.hlsl" />
    <FxCompile Include="resources\shaders\RandomGenerator.hlsl" />
    <FxCompile Include="resources\shaders\Skinning.CS.hlsl" />
    <FxCompile Include="resources\shaders\SkinningObject3d.VS.hlsl" />
    <FxCompile Include="resources\shaders\Skybox.PS.hlsl" />
    <FxCompile Include="resources\shaders\Skybox.VS.hlsl" />
    <FxCompile Include="resources\shaders\Sprite.PS.hlsl" />
    <FxCompile Include="resources\shaders\Sprite.VS.hlsl" />
    <FxCompile Include="resources\shaders\UpdateParticle.CS.hlsl" />
  </ItemGroup>
  <ItemGroup>
    <ClCompile Include="application\EditorController.cpp" />
    <ClCompile Include="application\StageEditor.cpp" />
    <ClCompile Include="application\StageLoader.cpp" />
    <ClCompile Include="application\StageSerializer.cpp" />
    <ClCompile Include="application\Enemy\Core\BaseEnemy.cpp" />
    <ClCompile Include="application\Enemy\Types\ChasingEnemy.cpp" />
    <ClCompile Include="application\Enemy\Projectiles\EnemyBullet.cpp" />
    <ClCompile Include="application\Enemy\Manager\EnemyManager.cpp" />
    <ClCompile Include="application\Enemy\Types\ClusterSlime.cpp" />
    <ClCompile Include="application\XPOrb.cpp" />
    <ClCompile Include="application\transition\BlindTransition.cpp" />
    <ClCompile Include="engine\3d\SkyCylinder.cpp" />
    <ClCompile Include="engine\debug\DebugRenderer.cpp" />
    <ClCompile Include="engine\debug\DebugGrid.cpp" />
    <ClCompile Include="engine\3d\AnimationPlayer.cpp" />
    <ClCompile Include="engine\3d\Skeleton.cpp" />
    <ClCompile Include="engine\debug\debugSphere.cpp" />
    <ClCompile Include="application\Enemy\Bug\Bug.cpp" />
    <ClCompile Include="application\Enemy\Bug\BugBehavior.cpp" />
    <ClCompile Include="application\CameraController.cpp" />
    <ClCompile Include="engine\effect\CylinderManager.cpp" />
    <ClCompile Include="engine\scene\BaseScene.cpp" />
    <ClCompile Include="engine\3d\Camera.cpp" />
    <ClCompile Include="engine\base\D3DResourceLeakChecker.cpp" />
    <ClCompile Include="engine\base\DirectXCommon.cpp" />
    <ClCompile Include="engine\3d\DebugCamera.cpp" />
    <ClCompile Include="engine\base\Framework.cpp" />
    <ClCompile Include="application\Game.cpp" />
    <ClCompile Include="application\scene\GamePlayScene.cpp" />
    <ClCompile Include="engine\base\ImGuiManager.cpp" />
    <ClCompile Include="engine\io\Input.cpp" />
    <ClCompile Include="engine\utility\CollisionUtility.cpp" />
    <ClCompile Include="engine\utility\Logger.cpp" />
    <ClCompile Include="application\main.cpp" />
    <ClCompile Include="engine\math\Matrix4x4.cpp" />
    <ClCompile Include="engine\audio\SoundManager.cpp" />
    <ClCompile Include="engine\math\Vector3.cpp" />
    <ClCompile Include="engine\3d\Model.cpp" />
    <ClCompile Include="engine\3d\ModelCommon.cpp" />
    <ClCompile Include="engine\3d\ModelManager.cpp" />
    <ClCompile Include="engine\3d\Object3d.cpp" />
    <ClCompile Include="engine\3d\Object3dCommon.cpp" />
    <ClCompile Include="engine\effect\ParticleEmitter.cpp" />
    <ClCompile Include="engine\effect\ParticleManager.cpp" />
    <ClCompile Include="application\scene\SceneFactory.cpp" />
    <ClCompile Include="engine\scene\SceneManager.cpp" />
    <ClCompile Include="engine\2d\Sprite.cpp" />
    <ClCompile Include="engine\2d\SpriteCommon.cpp" />
    <ClCompile Include="engine\base\SrvManager.cpp" />
    <ClCompile Include="engine\utility\Random.cpp" />
    <ClCompile Include="engine\utility\StringUtility.cpp" />
    <ClCompile Include="engine\2d\TextureManager.cpp" />
    <ClCompile Include="application\scene\TitleScene.cpp" />
    <ClCompile Include="engine\base\WinApp.cpp" />
    <ClCompile Include="application\transition\ShutterTransition.cpp" />
    <ClCompile Include="engine\effect\RingManager.cpp" />
    <ClCompile Include="application\Player.cpp" />
    <ClCompile Include="application\Tongue.cpp" />
    <ClCompile Include="engine\3d\Skybox.cpp" />
    <ClCompile Include="application\Slug.cpp" />
    <ClCompile Include="application\WarpExit.cpp" />
    <ClCompile Include="application\Stage.cpp" />
    <ClCompile Include="application\Enemy\Types\ShootingEnemy.cpp" />
    <ClCompile Include="application\Enemy\Types\SentinelEnemy.cpp" />
    <ClCompile Include="application\Reticle.cpp" />
    <ClCompile Include="engine\base\RenderTarget.cpp" />
    <ClCompile Include="application\Enemy\Types\ProminenceSensor.cpp" />
    <ClCompile Include="application\Enemy\Types\PhaseGhost.cpp" />
    <ClCompile Include="engine\effect\GPUParticleEmitter.cpp" />
    <ClCompile Include="application\UI\PauseMenu.cpp" />
    <ClCompile Include="application\UI\GameTimer.cpp" />
    <ClCompile Include="application\UI\SpriteNumberText.cpp" />
    <ClCompile Include="application\Tutorial\TutorialDirector.cpp" />
    <ClCompile Include="application\scene\TutorialScene.cpp" />
    <ClCompile Include="application\UI\SpriteText.cpp" />
    <ClCompile Include="application\UI\RuntimeTextTextureGenerator.cpp" />
    <ClCompile Include="application\UI\ResultUI.cpp" />
    <ClCompile Include="application\UI\HeightProgressMeter.cpp" />
    <ClCompile Include="application\Light\LightManager.cpp" />
    <ClCompile Include="application\Light\LightEditor.cpp" />
  </ItemGroup>
  <ItemGroup>
    <ClInclude Include="application\Ability.h" />
    <ClInclude Include="application\EditorController.h" />
    <ClInclude Include="application\StageLoader.h" />
    <ClInclude Include="application\StageSerializer.h" />
    <ClInclude Include="application\StageTypes.h" />
    <ClInclude Include="application\Enemy\Core\BaseEnemy.h" />
    <ClInclude Include="application\Enemy\Types\ChasingEnemy.h" />
    <ClInclude Include="application\Enemy\Projectiles\EnemyBullet.h" />
    <ClInclude Include="application\Enemy\Manager\EnemyManager.h" />
    <ClInclude Include="application\Easing.h" />
    <ClInclude Include="application\Enemy\Types\ClusterSlime.h" />
    <ClInclude Include="application\XPOrb.h" />
    <ClInclude Include="engine\base\DpiUtil.h" />
    <ClInclude Include="application\transition\BlindTransition.h" />
    <ClInclude Include="engine\3d\SkyCylinder.h" />
    <ClInclude Include="engine\debug\DebugRenderer.h" />
    <ClInclude Include="engine\debug\DebugGrid.h" />
    <ClInclude Include="engine\3d\AnimationPlayer.h" />
    <ClInclude Include="engine\3d\Animation.h" />
    <ClInclude Include="engine\3d\Skeleton.h" />
    <ClInclude Include="engine\debug\debugSphere.h" />
    <ClInclude Include="application\Enemy\Bug\Bug.h" />
    <ClInclude Include="application\Enemy\Bug\BugBehavior.h" />
    <ClInclude Include="application\CameraController.h" />
    <ClInclude Include="application\StageEditor.h" />
    <ClInclude Include="engine\effect\CylinderManager.h" />
    <ClInclude Include="engine\effect\Particle.h" />
    <ClInclude Include="engine\effect\ParticleConfig.h" />
    <ClInclude Include="engine\math\mathFunction.h" />
    <ClInclude Include="engine\math\Quaternion.h" />
    <ClInclude Include="engine\scene\AbstractSceneFactory.h" />
    <ClInclude Include="engine\scene\BaseScene.h" />
    <ClInclude Include="engine\3d\Camera.h" />
    <ClInclude Include="engine\base\D3DResourceLeakChecker.h" />
    <ClInclude Include="engine\base\DirectXCommon.h" />
    <ClInclude Include="engine\3d\DebugCamera.h" />
    <ClInclude Include="engine\math\Matrix4x4.h" />
    <ClInclude Include="engine\math\Vector4.h" />
    <ClInclude Include="engine\base\Framework.h" />
    <ClInclude Include="application\scene\GamePlayScene.h" />
    <ClInclude Include="application\scene\SceneFactory.h" />
    <ClInclude Include="engine\scene\ITransition.h" />
    <ClInclude Include="engine\scene\SceneManager.h" />
    <ClInclude Include="application\scene\TitleScene.h" />
    <ClInclude Include="engine\math\Transform.h" />
    <ClInclude Include="engine\math\Vector2.h" />
    <ClInclude Include="engine\base\ResourceObject.h" />
    <ClInclude Include="engine\audio\SoundManager.h" />
    <ClInclude Include="engine\math\Vector3.h" />
    <ClInclude Include="application\Game.h" />
    <ClInclude Include="engine\base\ImGuiManager.h" />
    <ClInclude Include="engine\io\Input.h" />
    <ClInclude Include="engine\utility\CollisionUtility.h" />
    <ClInclude Include="engine\utility\Logger.h" />
    <ClInclude Include="engine\3d\Model.h" />
    <ClInclude Include="engine\3d\ModelCommon.h" />
    <ClInclude Include="engine\3d\ModelManager.h" />
    <ClInclude Include="engine\3d\Object3d.h" />
    <ClInclude Include="engine\3d\Object3dCommon.h" />
    <ClInclude Include="engine\effect\ParticleEmitter.h" />
    <ClInclude Include="engine\effect\ParticleManager.h" />
    <ClInclude Include="engine\2d\Sprite.h" />
    <ClInclude Include="engine\2d\SpriteCommon.h" />
    <ClInclude Include="engine\base\SrvManager.h" />
    <ClInclude Include="engine\utility\Random.h" />
    <ClInclude Include="engine\utility\StringUtility.h" />
    <ClInclude Include="engine\2d\TextureManager.h" />
    <ClInclude Include="engine\base\WinApp.h" />
    <ClInclude Include="application\transition\ShutterTransition.h" />
    <ClInclude Include="engine\effect\RingManager.h" />
    <ClInclude Include="application\Player.h" />
    <ClInclude Include="application\Tongue.h" />
    <ClInclude Include="externals\nlohmann\json.hpp" />
    <ClInclude Include="engine\3d\Skybox.h" />
    <ClInclude Include="application\Slug.h" />
    <ClInclude Include="application\WarpExit.h" />
    <ClInclude Include="application\Stage.h" />
    <ClInclude Include="application\Reticle.h" />
    <ClInclude Include="application\Enemy\Types\ShootingEnemy.h" />
    <ClInclude Include="application\Enemy\Types\SentinelEnemy.h" />
    <ClInclude Include="engine\base\RenderTarget.h" />
    <ClInclude Include="application\Enemy\Types\ProminenceSensor.h" />
    <ClInclude Include="application\Enemy\Types\PhaseGhost.h" />
    <ClInclude Include="engine\effect\GPUParticleEmitter.h" />
    <ClInclude Include="application\UI\PauseMenu.h" />
    <ClInclude Include="application\UI\GameTimer.h" />
    <ClInclude Include="application\UI\SpriteNumberText.h" />
    <ClInclude Include="application\Tutorial\TutorialDirector.h" />
    <ClInclude Include="application\scene\TutorialScene.h" />
    <ClInclude Include="application\UI\SpriteText.h" />
    <ClInclude Include="application\UI\RuntimeTextTextureGenerator.h" />
    <ClInclude Include="application\UI\ResultUI.h" />
    <ClInclude Include="application\UI\HeightProgressMeter.h" />
    <ClInclude Include="application\Light\LightManager.h" />
    <ClInclude Include="application\Light\LightEditor.h" />
  </ItemGroup>
  <ItemGroup>
    <CopyFileToFolders Include="resources\shaders\Object3d.PS.hlsl" />
    <CopyFileToFolders Include="resources\shaders\Object3d.VS.hlsl" />
  </ItemGroup>
  <ItemGroup>
    <None Include="resources\ability_config.json" />
    <None Include="resources\enemy_drops.json" />
    <None Include="resources\shaders\Cylinder.hlsli" />
    <None Include="resources\shaders\SkyCylinder.hlsli" />
    <None Include="resources\shaders\Debug.hlsli" />
    <None Include="resources\shaders\DebugSphere.hlsli" />
    <None Include="resources\shaders\GammaCorrection.hlsli" />
    <None Include="resources\shaders\Object3d.hlsli" />
    <None Include="resources\shaders\Particle.hlsli" />
    <None Include="resources\shaders\Skybox.hlsli" />
    <None Include="resources\shaders\Sprite.hlsli" />
    <None Include="resources\stage_enemies.json" />
  </ItemGroup>
</Project>